// !$*UTF8*$!
{
	archiveVersion = 1;
	classes = {
	};
	objectVersion = 46;
	objects = {

/* Begin PBXBuildFile section */
		C9BDAB411A34EBB600E93186 /* main.m in Sources */ = {isa = PBXBuildFile; fileRef = C9BDAB401A34EBB600E93186 /* main.m */; };
		C9BDAB441A34EBB600E93186 /* AppDelegate.m in Sources */ = {isa = PBXBuildFile; fileRef = C9BDAB431A34EBB600E93186 /* AppDelegate.m */; };
		C9BDAB471A34EBB600E93186 /* ViewController.m in Sources */ = {isa = PBXBuildFile; fileRef = C9BDAB461A34EBB600E93186 /* ViewController.m */; };
		C9BDAB4A1A34EBB600E93186 /* Main.storyboard in Resources */ = {isa = PBXBuildFile; fileRef = C9BDAB481A34EBB600E93186 /* Main.storyboard */; };
		C9BDAB4C1A34EBB600E93186 /* Images.xcassets in Resources */ = {isa = PBXBuildFile; fileRef = C9BDAB4B1A34EBB600E93186 /* Images.xcassets */; };
		C9BDAB4F1A34EBB600E93186 /* LaunchScreen.xib in Resources */ = {isa = PBXBuildFile; fileRef = C9BDAB4D1A34EBB600E93186 /* LaunchScreen.xib */; };
		C9BDAB5B1A34EBB600E93186 /* iospurgeTests.m in Sources */ = {isa = PBXBuildFile; fileRef = C9BDAB5A1A34EBB600E93186 /* iospurgeTests.m */; };
/* End PBXBuildFile section */

/* Begin PBXContainerItemProxy section */
		C9BDAB551A34EBB600E93186 /* PBXContainerItemProxy */ = {
			isa = PBXContainerItemProxy;
			containerPortal = C9BDAB331A34EBB500E93186 /* Project object */;
			proxyType = 1;
			remoteGlobalIDString = C9BDAB3A1A34EBB500E93186;
			remoteInfo = iospurge;
		};
/* End PBXContainerItemProxy section */

/* Begin PBXFileReference section */
		C9BDAB3B1A34EBB500E93186 /* iospurge.app */ = {isa = PBXFileReference; explicitFileType = wrapper.application; includeInIndex = 0; path = iospurge.app; sourceTree = BUILT_PRODUCTS_DIR; };
		C9BDAB3F1A34EBB600E93186 /* Info.plist */ = {isa = PBXFileReference; lastKnownFileType = text.plist.xml; path = Info.plist; sourceTree = "<group>"; };
		C9BDAB401A34EBB600E93186 /* main.m */ = {isa = PBXFileReference; lastKnownFileType = sourcecode.c.objc; path = main.m; sourceTree = "<group>"; };
		C9BDAB421A34EBB600E93186 /* AppDelegate.h */ = {isa = PBXFileReference; lastKnownFileType = sourcecode.c.h; path = AppDelegate.h; sourceTree = "<group>"; };
		C9BDAB431A34EBB600E93186 /* AppDelegate.m */ = {isa = PBXFileReference; lastKnownFileType = sourcecode.c.objc; path = AppDelegate.m; sourceTree = "<group>"; };
		C9BDAB451A34EBB600E93186 /* ViewController.h */ = {isa = PBXFileReference; lastKnownFileType = sourcecode.c.h; path = ViewController.h; sourceTree = "<group>"; };
		C9BDAB461A34EBB600E93186 /* ViewController.m */ = {isa = PBXFileReference; lastKnownFileType = sourcecode.c.objc; path = ViewController.m; sourceTree = "<group>"; };
		C9BDAB491A34EBB600E93186 /* Base */ = {isa = PBXFileReference; lastKnownFileType = file.storyboard; name = Base; path = Base.lproj/Main.storyboard; sourceTree = "<group>"; };
		C9BDAB4B1A34EBB600E93186 /* Images.xcassets */ = {isa = PBXFileReference; lastKnownFileType = folder.assetcatalog; path = Images.xcassets; sourceTree = "<group>"; };
		C9BDAB4E1A34EBB600E93186 /* Base */ = {isa = PBXFileReference; lastKnownFileType = file.xib; name = Base; path = Base.lproj/LaunchScreen.xib; sourceTree = "<group>"; };
		C9BDAB541A34EBB600E93186 /* iospurgeTests.xctest */ = {isa = PBXFileReference; explicitFileType = wrapper.cfbundle; includeInIndex = 0; path = iospurgeTests.xctest; sourceTree = BUILT_PRODUCTS_DIR; };
		C9BDAB591A34EBB600E93186 /* Info.plist */ = {isa = PBXFileReference; lastKnownFileType = text.plist.xml; path = Info.plist; sourceTree = "<group>"; };
		C9BDAB5A1A34EBB600E93186 /* iospurgeTests.m */ = {isa = PBXFileReference; lastKnownFileType = sourcecode.c.objc; path = iospurgeTests.m; sourceTree = "<group>"; };
/* End PBXFileReference section */

/* Begin PBXFrameworksBuildPhase section */
		C9BDAB381A34EBB500E93186 /* Frameworks */ = {
			isa = PBXFrameworksBuildPhase;
			buildActionMask = 2147483647;
			files = (
			);
			runOnlyForDeploymentPostprocessing = 0;
		};
		C9BDAB511A34EBB600E93186 /* Frameworks */ = {
			isa = PBXFrameworksBuildPhase;
			buildActionMask = 2147483647;
			files = (
			);
			runOnlyForDeploymentPostprocessing = 0;
		};
/* End PBXFrameworksBuildPhase section */

/* Begin PBXGroup section */
		C9BDAB321A34EBB500E93186 = {
			isa = PBXGroup;
			children = (
				C9BDAB3D1A34EBB500E93186 /* iospurge */,
				C9BDAB571A34EBB600E93186 /* iospurgeTests */,
				C9BDAB3C1A34EBB500E93186 /* Products */,
			);
			sourceTree = "<group>";
		};
		C9BDAB3C1A34EBB500E93186 /* Products */ = {
			isa = PBXGroup;
			children = (
				C9BDAB3B1A34EBB500E93186 /* iospurge.app */,
				C9BDAB541A34EBB600E93186 /* iospurgeTests.xctest */,
			);
			name = Products;
			sourceTree = "<group>";
		};
		C9BDAB3D1A34EBB500E93186 /* iospurge */ = {
			isa = PBXGroup;
			children = (
				C9BDAB421A34EBB600E93186 /* AppDelegate.h */,
				C9BDAB431A34EBB600E93186 /* AppDelegate.m */,
				C9BDAB451A34EBB600E93186 /* ViewController.h */,
				C9BDAB461A34EBB600E93186 /* ViewController.m */,
				C9BDAB481A34EBB600E93186 /* Main.storyboard */,
				C9BDAB4B1A34EBB600E93186 /* Images.xcassets */,
				C9BDAB4D1A34EBB600E93186 /* LaunchScreen.xib */,
				C9BDAB3E1A34EBB600E93186 /* Supporting Files */,
			);
			path = iospurge;
			sourceTree = "<group>";
		};
		C9BDAB3E1A34EBB600E93186 /* Supporting Files */ = {
			isa = PBXGroup;
			children = (
				C9BDAB3F1A34EBB600E93186 /* Info.plist */,
				C9BDAB401A34EBB600E93186 /* main.m */,
			);
			name = "Supporting Files";
			sourceTree = "<group>";
		};
		C9BDAB571A34EBB600E93186 /* iospurgeTests */ = {
			isa = PBXGroup;
			children = (
				C9BDAB5A1A34EBB600E93186 /* iospurgeTests.m */,
				C9BDAB581A34EBB600E93186 /* Supporting Files */,
			);
			path = iospurgeTests;
			sourceTree = "<group>";
		};
		C9BDAB581A34EBB600E93186 /* Supporting Files */ = {
			isa = PBXGroup;
			children = (
				C9BDAB591A34EBB600E93186 /* Info.plist */,
			);
			name = "Supporting Files";
			sourceTree = "<group>";
		};
/* End PBXGroup section */

/* Begin PBXNativeTarget section */
		C9BDAB3A1A34EBB500E93186 /* iospurge */ = {
			isa = PBXNativeTarget;
			buildConfigurationList = C9BDAB5E1A34EBB600E93186 /* Build configuration list for PBXNativeTarget "iospurge" */;
			buildPhases = (
				C9BDAB371A34EBB500E93186 /* Sources */,
				C9BDAB381A34EBB500E93186 /* Frameworks */,
				C9BDAB391A34EBB500E93186 /* Resources */,
			);
			buildRules = (
			);
			dependencies = (
			);
			name = iospurge;
			productName = iospurge;
			productReference = C9BDAB3B1A34EBB500E93186 /* iospurge.app */;
			productType = "com.apple.product-type.application";
		};
		C9BDAB531A34EBB600E93186 /* iospurgeTests */ = {
			isa = PBXNativeTarget;
			buildConfigurationList = C9BDAB611A34EBB600E93186 /* Build configuration list for PBXNativeTarget "iospurgeTests" */;
			buildPhases = (
				C9BDAB501A34EBB600E93186 /* Sources */,
				C9BDAB511A34EBB600E93186 /* Frameworks */,
				C9BDAB521A34EBB600E93186 /* Resources */,
			);
			buildRules = (
			);
			dependencies = (
				C9BDAB561A34EBB600E93186 /* PBXTargetDependency */,
			);
			name = iospurgeTests;
			productName = iospurgeTests;
			productReference = C9BDAB541A34EBB600E93186 /* iospurgeTests.xctest */;
			productType = "com.apple.product-type.bundle.unit-test";
		};
/* End PBXNativeTarget section */

/* Begin PBXProject section */
		C9BDAB331A34EBB500E93186 /* Project object */ = {
			isa = PBXProject;
			attributes = {
				LastUpgradeCheck = 0610;
				ORGANIZATIONNAME = "Matt Channon";
				TargetAttributes = {
					C9BDAB3A1A34EBB500E93186 = {
						CreatedOnToolsVersion = 6.1.1;
					};
					C9BDAB531A34EBB600E93186 = {
						CreatedOnToolsVersion = 6.1.1;
						TestTargetID = C9BDAB3A1A34EBB500E93186;
					};
				};
			};
			buildConfigurationList = C9BDAB361A34EBB500E93186 /* Build configuration list for PBXProject "iospurge" */;
			compatibilityVersion = "Xcode 3.2";
			developmentRegion = English;
			hasScannedForEncodings = 0;
			knownRegions = (
				en,
				Base,
			);
			mainGroup = C9BDAB321A34EBB500E93186;
			productRefGroup = C9BDAB3C1A34EBB500E93186 /* Products */;
			projectDirPath = "";
			projectRoot = "";
			targets = (
				C9BDAB3A1A34EBB500E93186 /* iospurge */,
				C9BDAB531A34EBB600E93186 /* iospurgeTests */,
			);
		};
/* End PBXProject section */

/* Begin PBXResourcesBuildPhase section */
		C9BDAB391A34EBB500E93186 /* Resources */ = {
			isa = PBXResourcesBuildPhase;
			buildActionMask = 2147483647;
			files = (
				C9BDAB4A1A34EBB600E93186 /* Main.storyboard in Resources */,
				C9BDAB4F1A34EBB600E93186 /* LaunchScreen.xib in Resources */,
				C9BDAB4C1A34EBB600E93186 /* Images.xcassets in Resources */,
			);
			runOnlyForDeploymentPostprocessing = 0;
		};
		C9BDAB521A34EBB600E93186 /* Resources */ = {
			isa = PBXResourcesBuildPhase;
			buildActionMask = 2147483647;
			files = (
			);
			runOnlyForDeploymentPostprocessing = 0;
		};
/* End PBXResourcesBuildPhase section */

/* Begin PBXSourcesBuildPhase section */
		C9BDAB371A34EBB500E93186 /* Sources */ = {
			isa = PBXSourcesBuildPhase;
			buildActionMask = 2147483647;
			files = (
				C9BDAB471A34EBB600E93186 /* ViewController.m in Sources */,
				C9BDAB441A34EBB600E93186 /* AppDelegate.m in Sources */,
				C9BDAB411A34EBB600E93186 /* main.m in Sources */,
			);
			runOnlyForDeploymentPostprocessing = 0;
		};
		C9BDAB501A34EBB600E93186 /* Sources */ = {
			isa = PBXSourcesBuildPhase;
			buildActionMask = 2147483647;
			files = (
				C9BDAB5B1A34EBB600E93186 /* iospurgeTests.m in Sources */,
			);
			runOnlyForDeploymentPostprocessing = 0;
		};
/* End PBXSourcesBuildPhase section */

/* Begin PBXTargetDependency section */
		C9BDAB561A34EBB600E93186 /* PBXTargetDependency */ = {
			isa = PBXTargetDependency;
			target = C9BDAB3A1A34EBB500E93186 /* iospurge */;
			targetProxy = C9BDAB551A34EBB600E93186 /* PBXContainerItemProxy */;
		};
/* End PBXTargetDependency section */

/* Begin PBXVariantGroup section */
		C9BDAB481A34EBB600E93186 /* Main.storyboard */ = {
			isa = PBXVariantGroup;
			children = (
				C9BDAB491A34EBB600E93186 /* Base */,
			);
			name = Main.storyboard;
			sourceTree = "<group>";
		};
		C9BDAB4D1A34EBB600E93186 /* LaunchScreen.xib */ = {
			isa = PBXVariantGroup;
			children = (
				C9BDAB4E1A34EBB600E93186 /* Base */,
			);
			name = LaunchScreen.xib;
			sourceTree = "<group>";
		};
/* End PBXVariantGroup section */

/* Begin XCBuildConfiguration section */
		C9BDAB5C1A34EBB600E93186 /* Debug */ = {
			isa = XCBuildConfiguration;
			buildSettings = {
				ALWAYS_SEARCH_USER_PATHS = NO;
				CLANG_CXX_LANGUAGE_STANDARD = "gnu++0x";
				CLANG_CXX_LIBRARY = "libc++";
				CLANG_ENABLE_MODULES = YES;
				CLANG_ENABLE_OBJC_ARC = YES;
				CLANG_WARN_BOOL_CONVERSION = YES;
				CLANG_WARN_CONSTANT_CONVERSION = YES;
				CLANG_WARN_DIRECT_OBJC_ISA_USAGE = YES_ERROR;
				CLANG_WARN_EMPTY_BODY = YES;
				CLANG_WARN_ENUM_CONVERSION = YES;
				CLANG_WARN_INT_CONVERSION = YES;
				CLANG_WARN_OBJC_ROOT_CLASS = YES_ERROR;
				CLANG_WARN_UNREACHABLE_CODE = YES;
				CLANG_WARN__DUPLICATE_METHOD_MATCH = YES;
				"CODE_SIGN_IDENTITY[sdk=iphoneos*]" = "iPhone Developer";
				COPY_PHASE_STRIP = NO;
				ENABLE_STRICT_OBJC_MSGSEND = YES;
				GCC_C_LANGUAGE_STANDARD = gnu99;
				GCC_DYNAMIC_NO_PIC = NO;
				GCC_OPTIMIZATION_LEVEL = 0;
				GCC_PREPROCESSOR_DEFINITIONS = (
					"DEBUG=1",
					"$(inherited)",
				);
				GCC_SYMBOLS_PRIVATE_EXTERN = NO;
				GCC_WARN_64_TO_32_BIT_CONVERSION = YES;
				GCC_WARN_ABOUT_RETURN_TYPE = YES_ERROR;
				GCC_WARN_UNDECLARED_SELECTOR = YES;
				GCC_WARN_UNINITIALIZED_AUTOS = YES_AGGRESSIVE;
				GCC_WARN_UNUSED_FUNCTION = YES;
				GCC_WARN_UNUSED_VARIABLE = YES;
				IPHONEOS_DEPLOYMENT_TARGET = 8.1;
				MTL_ENABLE_DEBUG_INFO = YES;
				ONLY_ACTIVE_ARCH = YES;
				SDKROOT = iphoneos;
			};
			name = Debug;
		};
		C9BDAB5D1A34EBB600E93186 /* Release */ = {
			isa = XCBuildConfiguration;
			buildSettings = {
				ALWAYS_SEARCH_USER_PATHS = NO;
				CLANG_CXX_LANGUAGE_STANDARD = "gnu++0x";
				CLANG_CXX_LIBRARY = "libc++";
				CLANG_ENABLE_MODULES = YES;
				CLANG_ENABLE_OBJC_ARC = YES;
				CLANG_WARN_BOOL_CONVERSION = YES;
				CLANG_WARN_CONSTANT_CONVERSION = YES;
				CLANG_WARN_DIRECT_OBJC_ISA_USAGE = YES_ERROR;
				CLANG_WARN_EMPTY_BODY = YES;
				CLANG_WARN_ENUM_CONVERSION = YES;
				CLANG_WARN_INT_CONVERSION = YES;
				CLANG_WARN_OBJC_ROOT_CLASS = YES_ERROR;
				CLANG_WARN_UNREACHABLE_CODE = YES;
				CLANG_WARN__DUPLICATE_METHOD_MATCH = YES;
				"CODE_SIGN_IDENTITY[sdk=iphoneos*]" = "iPhone Developer";
				COPY_PHASE_STRIP = YES;
				ENABLE_NS_ASSERTIONS = NO;
				ENABLE_STRICT_OBJC_MSGSEND = YES;
				GCC_C_LANGUAGE_STANDARD = gnu99;
				GCC_WARN_64_TO_32_BIT_CONVERSION = YES;
				GCC_WARN_ABOUT_RETURN_TYPE = YES_ERROR;
				GCC_WARN_UNDECLARED_SELECTOR = YES;
				GCC_WARN_UNINITIALIZED_AUTOS = YES_AGGRESSIVE;
				GCC_WARN_UNUSED_FUNCTION = YES;
				GCC_WARN_UNUSED_VARIABLE = YES;
				IPHONEOS_DEPLOYMENT_TARGET = 8.1;
				MTL_ENABLE_DEBUG_INFO = NO;
				SDKROOT = iphoneos;
				VALIDATE_PRODUCT = YES;
			};
			name = Release;
		};
		C9BDAB5F1A34EBB600E93186 /* Debug */ = {
			isa = XCBuildConfiguration;
			buildSettings = {
				ASSETCATALOG_COMPILER_APPICON_NAME = AppIcon;
				INFOPLIST_FILE = iospurge/Info.plist;
				LD_RUNPATH_SEARCH_PATHS = "$(inherited) @executable_path/Frameworks";
				PRODUCT_NAME = "$(TARGET_NAME)";
			};
			name = Debug;
		};
		C9BDAB601A34EBB600E93186 /* Release */ = {
			isa = XCBuildConfiguration;
			buildSettings = {
				ASSETCATALOG_COMPILER_APPICON_NAME = AppIcon;
				INFOPLIST_FILE = iospurge/Info.plist;
				LD_RUNPATH_SEARCH_PATHS = "$(inherited) @executable_path/Frameworks";
				PRODUCT_NAME = "$(TARGET_NAME)";
			};
			name = Release;
		};
		C9BDAB621A34EBB600E93186 /* Debug */ = {
			isa = XCBuildConfiguration;
			buildSettings = {
				BUNDLE_LOADER = "$(TEST_HOST)";
				FRAMEWORK_SEARCH_PATHS = (
					"$(SDKROOT)/Developer/Library/Frameworks",
					"$(inherited)",
				);
				GCC_PREPROCESSOR_DEFINITIONS = (
					"DEBUG=1",
					"$(inherited)",
				);
				INFOPLIST_FILE = iospurgeTests/Info.plist;
				LD_RUNPATH_SEARCH_PATHS = "$(inherited) @executable_path/Frameworks @loader_path/Frameworks";
				PRODUCT_NAME = "$(TARGET_NAME)";
				TEST_HOST = "$(BUILT_PRODUCTS_DIR)/iospurge.app/iospurge";
			};
			name = Debug;
		};
		C9BDAB631A34EBB600E93186 /* Release */ = {
			isa = XCBuildConfiguration;
			buildSettings = {
				BUNDLE_LOADER = "$(TEST_HOST)";
				FRAMEWORK_SEARCH_PATHS = (
					"$(SDKROOT)/Developer/Library/Frameworks",
					"$(inherited)",
				);
				INFOPLIST_FILE = iospurgeTests/Info.plist;
				LD_RUNPATH_SEARCH_PATHS = "$(inherited) @executable_path/Frameworks @loader_path/Frameworks";
				PRODUCT_NAME = "$(TARGET_NAME)";
				TEST_HOST = "$(BUILT_PRODUCTS_DIR)/iospurge.app/iospurge";
			};
			name = Release;
		};
/* End XCBuildConfiguration section */

/* Begin XCConfigurationList section */
		C9BDAB361A34EBB500E93186 /* Build configuration list for PBXProject "iospurge" */ = {
			isa = XCConfigurationList;
			buildConfigurations = (
				C9BDAB5C1A34EBB600E93186 /* Debug */,
				C9BDAB5D1A34EBB600E93186 /* Release */,
			);
			defaultConfigurationIsVisible = 0;
			defaultConfigurationName = Release;
		};
		C9BDAB5E1A34EBB600E93186 /* Build configuration list for PBXNativeTarget "iospurge" */ = {
			isa = XCConfigurationList;
			buildConfigurations = (
				C9BDAB5F1A34EBB600E93186 /* Debug */,
				C9BDAB601A34EBB600E93186 /* Release */,
			);
			defaultConfigurationIsVisible = 0;
		};
		C9BDAB611A34EBB600E93186 /* Build configuration list for PBXNativeTarget "iospurgeTests" */ = {
			isa = XCConfigurationList;
			buildConfigurations = (
				C9BDAB621A34EBB600E93186 /* Debug */,
				C9BDAB631A34EBB600E93186 /* Release */,
			);
			defaultConfigurationIsVisible = 0;
		};
/* End XCConfigurationList section */
	};
	rootObject = C9BDAB331A34EBB500E93186 /* Project object */;
}
